
Microsoft Visual Studio Solution File, Format Version 12.00
# Visual Studio Version 16
VisualStudioVersion = 16.0.32002.261
MinimumVisualStudioVersion = 10.0.40219.1
Project("{FAE04EC0-301F-11D3-BF4B-00C04F79EFBC}") = "rehber", "rehber\rehber.csproj", "{FD8E27C3-06F1-40CF-897A-17E79148F123}"
EndProject
Global
	GlobalSection(SolutionConfigurationPlatforms) = preSolution
		Debug|Any CPU = Debug|Any CPU
		Release|Any CPU = Release|Any CPU
	EndGlobalSection
	GlobalSection(ProjectConfigurationPlatforms) = postSolution
		{FD8E27C3-06F1-40CF-897A-17E79148F123}.Debug|Any CPU.ActiveCfg = Debug|Any CPU
		{FD8E27C3-06F1-40CF-897A-17E79148F123}.Debug|Any CPU.Build.0 = Debug|Any CPU
		{FD8E27C3-06F1-40CF-897A-17E79148F123}.Release|Any CPU.ActiveCfg = Release|Any CPU
		{FD8E27C3-06F1-40CF-897A-17E79148F123}.Release|Any CPU.Build.0 = Release|Any CPU
	EndGlobalSection
	GlobalSection(SolutionProperties) = preSolution
		HideSolutionNode = FALSE
	EndGlobalSection
	GlobalSection(ExtensibilityGlobals) = postSolution
		SolutionGuid = {19F6F580-8C0E-4725-A57F-79B685A3187A}
	EndGlobalSection
EndGlobal
